
Microsoft Visual Studio Solution File, Format Version 12.00
# Visual Studio Version 17
VisualStudioVersion = 17.4.33205.214
MinimumVisualStudioVersion = 10.0.40219.1
Project("{9A19103F-16F7-4668-BE54-9A1E7A4F7556}") = "GrifMVD", "GrifMVD\GrifMVD.csproj", "{DE749902-6F3F-4C21-96F6-B4D830DACF44}"
EndProject
Global
	GlobalSection(SolutionConfigurationPlatforms) = preSolution
		Debug|Any CPU = Debug|Any CPU
		Release|Any CPU = Release|Any CPU
	EndGlobalSection
	GlobalSection(ProjectConfigurationPlatforms) = postSolution
		{DE749902-6F3F-4C21-96F6-B4D830DACF44}.Debug|Any CPU.ActiveCfg = Debug|Any CPU
		{DE749902-6F3F-4C21-96F6-B4D830DACF44}.Debug|Any CPU.Build.0 = Debug|Any CPU
		{DE749902-6F3F-4C21-96F6-B4D830DACF44}.Release|Any CPU.ActiveCfg = Release|Any CPU
		{DE749902-6F3F-4C21-96F6-B4D830DACF44}.Release|Any CPU.Build.0 = Release|Any CPU
	EndGlobalSection
	GlobalSection(SolutionProperties) = preSolution
		HideSolutionNode = FALSE
	EndGlobalSection
	GlobalSection(ExtensibilityGlobals) = postSolution
		SolutionGuid = {A6C0ED76-5FB6-4E01-BD54-09E39414BF93}
	EndGlobalSection
EndGlobal
